
Microsoft Visual Studio Solution File, Format Version 12.00
# Visual Studio 2015
Project("{FAE04EC0-301F-11D3-BF4B-00C04F79EFBC}") = "Kinectify.CSharp.Plugins", "Kinectify.CSharp.Plugins.csproj", "{4B83FA40-7F54-E7EF-695B-FBE42C4E89D9}"
EndProject
Project("{FAE04EC0-301F-11D3-BF4B-00C04F79EFBC}") = "Kinectify.CSharp", "Kinectify.CSharp.csproj", "{8BB02699-160D-75B5-60AA-1CBE1E6CC461}"
EndProject
Project("{FAE04EC0-301F-11D3-BF4B-00C04F79EFBC}") = "Kinectify.CSharp.Editor.Plugins", "Kinectify.CSharp.Editor.Plugins.csproj", "{04D60745-560E-4EB1-C4A4-B91EDE6C4BCC}"
EndProject
Global
	GlobalSection(SolutionConfigurationPlatforms) = preSolution
		Debug|Any CPU = Debug|Any CPU
		Release|Any CPU = Release|Any CPU
	EndGlobalSection
	GlobalSection(ProjectConfigurationPlatforms) = postSolution
		{4B83FA40-7F54-E7EF-695B-FBE42C4E89D9}.Debug|Any CPU.ActiveCfg = Debug|Any CPU
		{4B83FA40-7F54-E7EF-695B-FBE42C4E89D9}.Debug|Any CPU.Build.0 = Debug|Any CPU
		{4B83FA40-7F54-E7EF-695B-FBE42C4E89D9}.Release|Any CPU.ActiveCfg = Release|Any CPU
		{4B83FA40-7F54-E7EF-695B-FBE42C4E89D9}.Release|Any CPU.Build.0 = Release|Any CPU
		{8BB02699-160D-75B5-60AA-1CBE1E6CC461}.Debug|Any CPU.ActiveCfg = Debug|Any CPU
		{8BB02699-160D-75B5-60AA-1CBE1E6CC461}.Debug|Any CPU.Build.0 = Debug|Any CPU
		{8BB02699-160D-75B5-60AA-1CBE1E6CC461}.Release|Any CPU.ActiveCfg = Release|Any CPU
		{8BB02699-160D-75B5-60AA-1CBE1E6CC461}.Release|Any CPU.Build.0 = Release|Any CPU
		{04D60745-560E-4EB1-C4A4-B91EDE6C4BCC}.Debug|Any CPU.ActiveCfg = Debug|Any CPU
		{04D60745-560E-4EB1-C4A4-B91EDE6C4BCC}.Debug|Any CPU.Build.0 = Debug|Any CPU
		{04D60745-560E-4EB1-C4A4-B91EDE6C4BCC}.Release|Any CPU.ActiveCfg = Release|Any CPU
		{04D60745-560E-4EB1-C4A4-B91EDE6C4BCC}.Release|Any CPU.Build.0 = Release|Any CPU
	EndGlobalSection
	GlobalSection(SolutionProperties) = preSolution
		HideSolutionNode = FALSE
	EndGlobalSection
EndGlobal
